// !$*UTF8*$!
{
	archiveVersion = 1;
	classes = {
	};
	objectVersion = 51;
	objects = {

/* Begin PBXBuildFile section */
		328F78AF0A663D7D3BDF5E49 /* Pods_Queue.framework in Frameworks */ = {isa = PBXBuildFile; fileRef = FDD21EBF52ED16236AA5D426 /* Pods_Queue.framework */; };
		F20E3D3623612DB800C32893 /* NoAccountViewController.swift in Sources */ = {isa = PBXBuildFile; fileRef = F20E3D3523612DB800C32893 /* NoAccountViewController.swift */; };
		F20E3D3A236142F600C32893 /* NewNameViewController.swift in Sources */ = {isa = PBXBuildFile; fileRef = F20E3D39236142F600C32893 /* NewNameViewController.swift */; };
		F20E3D3E2362D6D800C32893 /* NewPasswordViewController.swift in Sources */ = {isa = PBXBuildFile; fileRef = F20E3D3D2362D6D800C32893 /* NewPasswordViewController.swift */; };
		F20E3D412362D71000C32893 /* NewImageViewController.swift in Sources */ = {isa = PBXBuildFile; fileRef = F20E3D402362D70F00C32893 /* NewImageViewController.swift */; };
		F2170D26236AC377005448BD /* ClubTableViewController.swift in Sources */ = {isa = PBXBuildFile; fileRef = F2170D25236AC377005448BD /* ClubTableViewController.swift */; };
		F259748F235F7A4D00A3DE51 /* AppDelegate.swift in Sources */ = {isa = PBXBuildFile; fileRef = F259748E235F7A4D00A3DE51 /* AppDelegate.swift */; };
		F2597491235F7A4D00A3DE51 /* SceneDelegate.swift in Sources */ = {isa = PBXBuildFile; fileRef = F2597490235F7A4D00A3DE51 /* SceneDelegate.swift */; };
		F259749B235F7A4E00A3DE51 /* LaunchScreen.storyboard in Resources */ = {isa = PBXBuildFile; fileRef = F2597499235F7A4E00A3DE51 /* LaunchScreen.storyboard */; };
		F25974A3235F843900A3DE51 /* Assets.xcassets in Resources */ = {isa = PBXBuildFile; fileRef = F25974A2235F843900A3DE51 /* Assets.xcassets */; };
		F25974A6235F84AC00A3DE51 /* Assets.swift in Sources */ = {isa = PBXBuildFile; fileRef = F25974A5235F84AC00A3DE51 /* Assets.swift */; };
		F25974AD235F850B00A3DE51 /* QueueAppTextField.swift in Sources */ = {isa = PBXBuildFile; fileRef = F25974AB235F850B00A3DE51 /* QueueAppTextField.swift */; };
		F25974AE235F850B00A3DE51 /* QueueAppButton.swift in Sources */ = {isa = PBXBuildFile; fileRef = F25974AC235F850B00A3DE51 /* QueueAppButton.swift */; };
		F25974B0235F864D00A3DE51 /* EmailDomains.swift in Sources */ = {isa = PBXBuildFile; fileRef = F25974AF235F864D00A3DE51 /* EmailDomains.swift */; };
		F25974B2235F874F00A3DE51 /* Authentication.storyboard in Resources */ = {isa = PBXBuildFile; fileRef = F25974B1235F874F00A3DE51 /* Authentication.storyboard */; };
		F25974B5235F8BC700A3DE51 /* GreetingViewController.swift in Sources */ = {isa = PBXBuildFile; fileRef = F25974B4235F8BC700A3DE51 /* GreetingViewController.swift */; };
		F25974B7235F8BE400A3DE51 /* QueueAppViewController.swift in Sources */ = {isa = PBXBuildFile; fileRef = F25974B6235F8BE400A3DE51 /* QueueAppViewController.swift */; };
		F25974B9235F8D1300A3DE51 /* String.swift in Sources */ = {isa = PBXBuildFile; fileRef = F25974B8235F8D1300A3DE51 /* String.swift */; };
		F25974BD235F8D8200A3DE51 /* QueueUIAlias.swift in Sources */ = {isa = PBXBuildFile; fileRef = F25974BC235F8D8200A3DE51 /* QueueUIAlias.swift */; };
		F25974BF235FA4D900A3DE51 /* EmailCheckViewController.swift in Sources */ = {isa = PBXBuildFile; fileRef = F25974BE235FA4D900A3DE51 /* EmailCheckViewController.swift */; };
		F25974C1235FC38900A3DE51 /* LoginViewController.swift in Sources */ = {isa = PBXBuildFile; fileRef = F25974C0235FC38900A3DE51 /* LoginViewController.swift */; };
		F25974C82360101300A3DE51 /* loadingBar.json in Resources */ = {isa = PBXBuildFile; fileRef = F25974C72360101300A3DE51 /* loadingBar.json */; };
		F26712A52363E71F00084354 /* Home.storyboard in Resources */ = {isa = PBXBuildFile; fileRef = F26712A42363E71F00084354 /* Home.storyboard */; };
		F26EC87A236D34FF004CB6AB /* ClubSelectionTableViewController.swift in Sources */ = {isa = PBXBuildFile; fileRef = F26EC879236D34FF004CB6AB /* ClubSelectionTableViewController.swift */; };
		F26EC87C236D3D25004CB6AB /* UINavigationBar.swift in Sources */ = {isa = PBXBuildFile; fileRef = F26EC87B236D3D25004CB6AB /* UINavigationBar.swift */; };
		F27623A2237D41EA00C4853F /* NewClubNameViewController.swift in Sources */ = {isa = PBXBuildFile; fileRef = F27623A1237D41EA00C4853F /* NewClubNameViewController.swift */; };
		F27623A4237D41F900C4853F /* NewClubImageViewController.swift in Sources */ = {isa = PBXBuildFile; fileRef = F27623A3237D41F900C4853F /* NewClubImageViewController.swift */; };
		F27623A8237E1C0500C4853F /* QueueAppSingleTextFieldViewController.swift in Sources */ = {isa = PBXBuildFile; fileRef = F27623A7237E1C0500C4853F /* QueueAppSingleTextFieldViewController.swift */; };
		F27623AA237E221B00C4853F /* UserSelectImageController.swift in Sources */ = {isa = PBXBuildFile; fileRef = F27623A9237E221B00C4853F /* UserSelectImageController.swift */; };
		F27CBE7923973A4800CF016D /* UIView.swift in Sources */ = {isa = PBXBuildFile; fileRef = F27CBE7823973A4800CF016D /* UIView.swift */; };
		F27CBE7C239764AA00CF016D /* UIColor.swift in Sources */ = {isa = PBXBuildFile; fileRef = F27CBE7B239764AA00CF016D /* UIColor.swift */; };
		F27E0F48236AF794008DFCE8 /* CourtCell.swift in Sources */ = {isa = PBXBuildFile; fileRef = F27E0F47236AF794008DFCE8 /* CourtCell.swift */; };
		F2860D8B236D683300BEFB34 /* ClubCell.swift in Sources */ = {isa = PBXBuildFile; fileRef = F2860D8A236D683300BEFB34 /* ClubCell.swift */; };
		F2860D8D236D776C00BEFB34 /* AddNewClubStaticCell.swift in Sources */ = {isa = PBXBuildFile; fileRef = F2860D8C236D776C00BEFB34 /* AddNewClubStaticCell.swift */; };
		F28DAFC3237CF1CB00846C9D /* UIApplication.swift in Sources */ = {isa = PBXBuildFile; fileRef = F28DAFC2237CF1CB00846C9D /* UIApplication.swift */; };
		F28DAFC5237CF1FE00846C9D /* UINavigationItem.swift in Sources */ = {isa = PBXBuildFile; fileRef = F28DAFC4237CF1FE00846C9D /* UINavigationItem.swift */; };
		F28DAFC7237CFA9900846C9D /* ChooseClubs.storyboard in Resources */ = {isa = PBXBuildFile; fileRef = F28DAFC6237CFA9900846C9D /* ChooseClubs.storyboard */; };
		F28DAFC9237D037100846C9D /* JoinClubViewController.swift in Sources */ = {isa = PBXBuildFile; fileRef = F28DAFC8237D037100846C9D /* JoinClubViewController.swift */; };
		F28F74E82397DD2500730309 /* ConfirmFoundClubViewController.swift in Sources */ = {isa = PBXBuildFile; fileRef = F28F74E72397DD2500730309 /* ConfirmFoundClubViewController.swift */; };
		F297C098237BBC1C00EBECA3 /* ActionSheetController.swift in Sources */ = {isa = PBXBuildFile; fileRef = F297C088237BBC1C00EBECA3 /* ActionSheetController.swift */; };
		F297C099237BBC1C00EBECA3 /* Loading.storyboard in Resources */ = {isa = PBXBuildFile; fileRef = F297C08A237BBC1C00EBECA3 /* Loading.storyboard */; };
		F297C09A237BBC1C00EBECA3 /* LoadingViewController.swift in Sources */ = {isa = PBXBuildFile; fileRef = F297C08B237BBC1C00EBECA3 /* LoadingViewController.swift */; };
		F297C09B237BBC1D00EBECA3 /* AlertService.swift in Sources */ = {isa = PBXBuildFile; fileRef = F297C08C237BBC1C00EBECA3 /* AlertService.swift */; };
		F297C09C237BBC1D00EBECA3 /* Alert.storyboard in Resources */ = {isa = PBXBuildFile; fileRef = F297C08E237BBC1C00EBECA3 /* Alert.storyboard */; };
		F297C09D237BBC1D00EBECA3 /* AlertController.swift in Sources */ = {isa = PBXBuildFile; fileRef = F297C08F237BBC1C00EBECA3 /* AlertController.swift */; };
		F297C09E237BBC1D00EBECA3 /* ClubAccessory.swift in Sources */ = {isa = PBXBuildFile; fileRef = F297C091237BBC1C00EBECA3 /* ClubAccessory.swift */; };
		F297C09F237BBC1D00EBECA3 /* ClubAccessory.xib in Resources */ = {isa = PBXBuildFile; fileRef = F297C092237BBC1C00EBECA3 /* ClubAccessory.xib */; };
		F297C0A0237BBC1D00EBECA3 /* ButtonAccessory.swift in Sources */ = {isa = PBXBuildFile; fileRef = F297C094237BBC1C00EBECA3 /* ButtonAccessory.swift */; };
		F297C0A1237BBC1D00EBECA3 /* ButtonAccessory.xib in Resources */ = {isa = PBXBuildFile; fileRef = F297C095237BBC1C00EBECA3 /* ButtonAccessory.xib */; };
		F297C0A2237BBC1D00EBECA3 /* ActionTableCell.swift in Sources */ = {isa = PBXBuildFile; fileRef = F297C096237BBC1C00EBECA3 /* ActionTableCell.swift */; };
		F297C0A3237BBC1D00EBECA3 /* ActionSheet.storyboard in Resources */ = {isa = PBXBuildFile; fileRef = F297C097237BBC1C00EBECA3 /* ActionSheet.storyboard */; };
/* End PBXBuildFile section */

/* Begin PBXFileReference section */
		A11EE57723FBA6E3F280A5CD /* Pods-Queue.release.xcconfig */ = {isa = PBXFileReference; includeInIndex = 1; lastKnownFileType = text.xcconfig; name = "Pods-Queue.release.xcconfig"; path = "Target Support Files/Pods-Queue/Pods-Queue.release.xcconfig"; sourceTree = "<group>"; };
		F20E3D3523612DB800C32893 /* NoAccountViewController.swift */ = {isa = PBXFileReference; lastKnownFileType = sourcecode.swift; path = NoAccountViewController.swift; sourceTree = "<group>"; };
		F20E3D39236142F600C32893 /* NewNameViewController.swift */ = {isa = PBXFileReference; fileEncoding = 4; lastKnownFileType = sourcecode.swift; path = NewNameViewController.swift; sourceTree = "<group>"; };
		F20E3D3D2362D6D800C32893 /* NewPasswordViewController.swift */ = {isa = PBXFileReference; lastKnownFileType = sourcecode.swift; path = NewPasswordViewController.swift; sourceTree = "<group>"; };
		F20E3D402362D70F00C32893 /* NewImageViewController.swift */ = {isa = PBXFileReference; fileEncoding = 4; lastKnownFileType = sourcecode.swift; path = NewImageViewController.swift; sourceTree = "<group>"; };
		F2170D25236AC377005448BD /* ClubTableViewController.swift */ = {isa = PBXFileReference; lastKnownFileType = sourcecode.swift; path = ClubTableViewController.swift; sourceTree = "<group>"; };
		F259748B235F7A4D00A3DE51 /* Queue.app */ = {isa = PBXFileReference; explicitFileType = wrapper.application; includeInIndex = 0; path = Queue.app; sourceTree = BUILT_PRODUCTS_DIR; };
		F259748E235F7A4D00A3DE51 /* AppDelegate.swift */ = {isa = PBXFileReference; lastKnownFileType = sourcecode.swift; path = AppDelegate.swift; sourceTree = "<group>"; };
		F2597490235F7A4D00A3DE51 /* SceneDelegate.swift */ = {isa = PBXFileReference; lastKnownFileType = sourcecode.swift; path = SceneDelegate.swift; sourceTree = "<group>"; };
		F259749A235F7A4E00A3DE51 /* Base */ = {isa = PBXFileReference; lastKnownFileType = file.storyboard; name = Base; path = Base.lproj/LaunchScreen.storyboard; sourceTree = "<group>"; };
		F259749C235F7A4E00A3DE51 /* Info.plist */ = {isa = PBXFileReference; lastKnownFileType = text.plist.xml; path = Info.plist; sourceTree = "<group>"; };
		F25974A2235F843900A3DE51 /* Assets.xcassets */ = {isa = PBXFileReference; lastKnownFileType = folder.assetcatalog; path = Assets.xcassets; sourceTree = "<group>"; };
		F25974A5235F84AC00A3DE51 /* Assets.swift */ = {isa = PBXFileReference; fileEncoding = 4; lastKnownFileType = sourcecode.swift; path = Assets.swift; sourceTree = "<group>"; };
		F25974AB235F850B00A3DE51 /* QueueAppTextField.swift */ = {isa = PBXFileReference; fileEncoding = 4; lastKnownFileType = sourcecode.swift; path = QueueAppTextField.swift; sourceTree = "<group>"; };
		F25974AC235F850B00A3DE51 /* QueueAppButton.swift */ = {isa = PBXFileReference; fileEncoding = 4; lastKnownFileType = sourcecode.swift; path = QueueAppButton.swift; sourceTree = "<group>"; };
		F25974AF235F864D00A3DE51 /* EmailDomains.swift */ = {isa = PBXFileReference; lastKnownFileType = sourcecode.swift; path = EmailDomains.swift; sourceTree = "<group>"; };
		F25974B1235F874F00A3DE51 /* Authentication.storyboard */ = {isa = PBXFileReference; lastKnownFileType = file.storyboard; path = Authentication.storyboard; sourceTree = "<group>"; };
		F25974B4235F8BC700A3DE51 /* GreetingViewController.swift */ = {isa = PBXFileReference; lastKnownFileType = sourcecode.swift; path = GreetingViewController.swift; sourceTree = "<group>"; };
		F25974B6235F8BE400A3DE51 /* QueueAppViewController.swift */ = {isa = PBXFileReference; lastKnownFileType = sourcecode.swift; path = QueueAppViewController.swift; sourceTree = "<group>"; };
		F25974B8235F8D1300A3DE51 /* String.swift */ = {isa = PBXFileReference; lastKnownFileType = sourcecode.swift; path = String.swift; sourceTree = "<group>"; };
		F25974BC235F8D8200A3DE51 /* QueueUIAlias.swift */ = {isa = PBXFileReference; fileEncoding = 4; lastKnownFileType = sourcecode.swift; path = QueueUIAlias.swift; sourceTree = "<group>"; };
		F25974BE235FA4D900A3DE51 /* EmailCheckViewController.swift */ = {isa = PBXFileReference; lastKnownFileType = sourcecode.swift; path = EmailCheckViewController.swift; sourceTree = "<group>"; };
		F25974C0235FC38900A3DE51 /* LoginViewController.swift */ = {isa = PBXFileReference; lastKnownFileType = sourcecode.swift; path = LoginViewController.swift; sourceTree = "<group>"; };
		F25974C72360101300A3DE51 /* loadingBar.json */ = {isa = PBXFileReference; fileEncoding = 4; lastKnownFileType = text.json; path = loadingBar.json; sourceTree = "<group>"; };
		F26712A42363E71F00084354 /* Home.storyboard */ = {isa = PBXFileReference; lastKnownFileType = file.storyboard; path = Home.storyboard; sourceTree = "<group>"; };
		F26EC879236D34FF004CB6AB /* ClubSelectionTableViewController.swift */ = {isa = PBXFileReference; lastKnownFileType = sourcecode.swift; path = ClubSelectionTableViewController.swift; sourceTree = "<group>"; };
		F26EC87B236D3D25004CB6AB /* UINavigationBar.swift */ = {isa = PBXFileReference; lastKnownFileType = sourcecode.swift; path = UINavigationBar.swift; sourceTree = "<group>"; };
		F27623A1237D41EA00C4853F /* NewClubNameViewController.swift */ = {isa = PBXFileReference; lastKnownFileType = sourcecode.swift; path = NewClubNameViewController.swift; sourceTree = "<group>"; };
		F27623A3237D41F900C4853F /* NewClubImageViewController.swift */ = {isa = PBXFileReference; lastKnownFileType = sourcecode.swift; path = NewClubImageViewController.swift; sourceTree = "<group>"; };
		F27623A7237E1C0500C4853F /* QueueAppSingleTextFieldViewController.swift */ = {isa = PBXFileReference; lastKnownFileType = sourcecode.swift; path = QueueAppSingleTextFieldViewController.swift; sourceTree = "<group>"; };
		F27623A9237E221B00C4853F /* UserSelectImageController.swift */ = {isa = PBXFileReference; lastKnownFileType = sourcecode.swift; path = UserSelectImageController.swift; sourceTree = "<group>"; };
		F27CBE7823973A4800CF016D /* UIView.swift */ = {isa = PBXFileReference; lastKnownFileType = sourcecode.swift; path = UIView.swift; sourceTree = "<group>"; };
		F27CBE7B239764AA00CF016D /* UIColor.swift */ = {isa = PBXFileReference; lastKnownFileType = sourcecode.swift; path = UIColor.swift; sourceTree = "<group>"; };
		F27E0F47236AF794008DFCE8 /* CourtCell.swift */ = {isa = PBXFileReference; lastKnownFileType = sourcecode.swift; path = CourtCell.swift; sourceTree = "<group>"; };
		F2860D8A236D683300BEFB34 /* ClubCell.swift */ = {isa = PBXFileReference; lastKnownFileType = sourcecode.swift; path = ClubCell.swift; sourceTree = "<group>"; };
		F2860D8C236D776C00BEFB34 /* AddNewClubStaticCell.swift */ = {isa = PBXFileReference; lastKnownFileType = sourcecode.swift; path = AddNewClubStaticCell.swift; sourceTree = "<group>"; };
		F28DAFC2237CF1CB00846C9D /* UIApplication.swift */ = {isa = PBXFileReference; lastKnownFileType = sourcecode.swift; path = UIApplication.swift; sourceTree = "<group>"; };
		F28DAFC4237CF1FE00846C9D /* UINavigationItem.swift */ = {isa = PBXFileReference; lastKnownFileType = sourcecode.swift; path = UINavigationItem.swift; sourceTree = "<group>"; };
		F28DAFC6237CFA9900846C9D /* ChooseClubs.storyboard */ = {isa = PBXFileReference; fileEncoding = 4; lastKnownFileType = file.storyboard; path = ChooseClubs.storyboard; sourceTree = "<group>"; };
		F28DAFC8237D037100846C9D /* JoinClubViewController.swift */ = {isa = PBXFileReference; lastKnownFileType = sourcecode.swift; path = JoinClubViewController.swift; sourceTree = "<group>"; };
		F28F74E72397DD2500730309 /* ConfirmFoundClubViewController.swift */ = {isa = PBXFileReference; lastKnownFileType = sourcecode.swift; path = ConfirmFoundClubViewController.swift; sourceTree = "<group>"; };
		F297C088237BBC1C00EBECA3 /* ActionSheetController.swift */ = {isa = PBXFileReference; fileEncoding = 4; lastKnownFileType = sourcecode.swift; path = ActionSheetController.swift; sourceTree = "<group>"; };
		F297C08A237BBC1C00EBECA3 /* Loading.storyboard */ = {isa = PBXFileReference; fileEncoding = 4; lastKnownFileType = file.storyboard; path = Loading.storyboard; sourceTree = "<group>"; };
		F297C08B237BBC1C00EBECA3 /* LoadingViewController.swift */ = {isa = PBXFileReference; fileEncoding = 4; lastKnownFileType = sourcecode.swift; path = LoadingViewController.swift; sourceTree = "<group>"; };
		F297C08C237BBC1C00EBECA3 /* AlertService.swift */ = {isa = PBXFileReference; fileEncoding = 4; lastKnownFileType = sourcecode.swift; path = AlertService.swift; sourceTree = "<group>"; };
		F297C08E237BBC1C00EBECA3 /* Alert.storyboard */ = {isa = PBXFileReference; fileEncoding = 4; lastKnownFileType = file.storyboard; path = Alert.storyboard; sourceTree = "<group>"; };
		F297C08F237BBC1C00EBECA3 /* AlertController.swift */ = {isa = PBXFileReference; fileEncoding = 4; lastKnownFileType = sourcecode.swift; path = AlertController.swift; sourceTree = "<group>"; };
		F297C091237BBC1C00EBECA3 /* ClubAccessory.swift */ = {isa = PBXFileReference; fileEncoding = 4; lastKnownFileType = sourcecode.swift; path = ClubAccessory.swift; sourceTree = "<group>"; };
		F297C092237BBC1C00EBECA3 /* ClubAccessory.xib */ = {isa = PBXFileReference; fileEncoding = 4; lastKnownFileType = file.xib; path = ClubAccessory.xib; sourceTree = "<group>"; };
		F297C094237BBC1C00EBECA3 /* ButtonAccessory.swift */ = {isa = PBXFileReference; fileEncoding = 4; lastKnownFileType = sourcecode.swift; path = ButtonAccessory.swift; sourceTree = "<group>"; };
		F297C095237BBC1C00EBECA3 /* ButtonAccessory.xib */ = {isa = PBXFileReference; fileEncoding = 4; lastKnownFileType = file.xib; path = ButtonAccessory.xib; sourceTree = "<group>"; };
		F297C096237BBC1C00EBECA3 /* ActionTableCell.swift */ = {isa = PBXFileReference; fileEncoding = 4; lastKnownFileType = sourcecode.swift; path = ActionTableCell.swift; sourceTree = "<group>"; };
		F297C097237BBC1C00EBECA3 /* ActionSheet.storyboard */ = {isa = PBXFileReference; fileEncoding = 4; lastKnownFileType = file.storyboard; path = ActionSheet.storyboard; sourceTree = "<group>"; };
		F9D6CD04378241B72C058134 /* Pods-Queue.debug.xcconfig */ = {isa = PBXFileReference; includeInIndex = 1; lastKnownFileType = text.xcconfig; name = "Pods-Queue.debug.xcconfig"; path = "Target Support Files/Pods-Queue/Pods-Queue.debug.xcconfig"; sourceTree = "<group>"; };
		FDD21EBF52ED16236AA5D426 /* Pods_Queue.framework */ = {isa = PBXFileReference; explicitFileType = wrapper.framework; includeInIndex = 0; path = Pods_Queue.framework; sourceTree = BUILT_PRODUCTS_DIR; };
/* End PBXFileReference section */

/* Begin PBXFrameworksBuildPhase section */
		F2597488235F7A4D00A3DE51 /* Frameworks */ = {
			isa = PBXFrameworksBuildPhase;
			buildActionMask = 2147483647;
			files = (
				328F78AF0A663D7D3BDF5E49 /* Pods_Queue.framework in Frameworks */,
			);
			runOnlyForDeploymentPostprocessing = 0;
		};
/* End PBXFrameworksBuildPhase section */

/* Begin PBXGroup section */
		171FB9C1A7777C365F7D5D0B /* Pods */ = {
			isa = PBXGroup;
			children = (
				F9D6CD04378241B72C058134 /* Pods-Queue.debug.xcconfig */,
				A11EE57723FBA6E3F280A5CD /* Pods-Queue.release.xcconfig */,
			);
			path = Pods;
			sourceTree = "<group>";
		};
		F2597482235F7A4D00A3DE51 = {
			isa = PBXGroup;
			children = (
				F259748D235F7A4D00A3DE51 /* Queue */,
				F259748C235F7A4D00A3DE51 /* Products */,
				171FB9C1A7777C365F7D5D0B /* Pods */,
				F2DC9640B38059A3571D3028 /* Frameworks */,
			);
			sourceTree = "<group>";
		};
		F259748C235F7A4D00A3DE51 /* Products */ = {
			isa = PBXGroup;
			children = (
				F259748B235F7A4D00A3DE51 /* Queue.app */,
			);
			name = Products;
			sourceTree = "<group>";
		};
		F259748D235F7A4D00A3DE51 /* Queue */ = {
			isa = PBXGroup;
			children = (
				F259748E235F7A4D00A3DE51 /* AppDelegate.swift */,
				F2597490235F7A4D00A3DE51 /* SceneDelegate.swift */,
				F297C0A5237BBD4100EBECA3 /* View Controllers */,
				F27623A0237D416E00C4853F /* Cells */,
				F297C087237BBC1C00EBECA3 /* Alert Service and Accessory */,
				F27CBE7A2397608F00CF016D /* Protocols */,
				F25974BB235F8D4400A3DE51 /* Base UI Classes */,
				F25974BA235F8D2000A3DE51 /* Extensions */,
				F25974A4235F847500A3DE51 /* Utils */,
				F2597499235F7A4E00A3DE51 /* LaunchScreen.storyboard */,
				F25974C72360101300A3DE51 /* loadingBar.json */,
				F25974A2235F843900A3DE51 /* Assets.xcassets */,
				F259749C235F7A4E00A3DE51 /* Info.plist */,
			);
			path = Queue;
			sourceTree = "<group>";
		};
		F25974A4235F847500A3DE51 /* Utils */ = {
			isa = PBXGroup;
			children = (
				F25974A5235F84AC00A3DE51 /* Assets.swift */,
				F25974AF235F864D00A3DE51 /* EmailDomains.swift */,
			);
			path = Utils;
			sourceTree = "<group>";
		};
		F25974B3235F8AA700A3DE51 /* Authentication Screens */ = {
			isa = PBXGroup;
			children = (
				F25974B1235F874F00A3DE51 /* Authentication.storyboard */,
				F25974B4235F8BC700A3DE51 /* GreetingViewController.swift */,
				F25974BE235FA4D900A3DE51 /* EmailCheckViewController.swift */,
				F25974C0235FC38900A3DE51 /* LoginViewController.swift */,
				F20E3D3523612DB800C32893 /* NoAccountViewController.swift */,
				F20E3D39236142F600C32893 /* NewNameViewController.swift */,
				F20E3D402362D70F00C32893 /* NewImageViewController.swift */,
				F20E3D3D2362D6D800C32893 /* NewPasswordViewController.swift */,
			);
			path = "Authentication Screens";
			sourceTree = "<group>";
		};
		F25974BA235F8D2000A3DE51 /* Extensions */ = {
			isa = PBXGroup;
			children = (
				F25974B8235F8D1300A3DE51 /* String.swift */,
				F26EC87B236D3D25004CB6AB /* UINavigationBar.swift */,
				F28DAFC2237CF1CB00846C9D /* UIApplication.swift */,
				F28DAFC4237CF1FE00846C9D /* UINavigationItem.swift */,
				F27CBE7823973A4800CF016D /* UIView.swift */,
				F27CBE7B239764AA00CF016D /* UIColor.swift */,
			);
			path = Extensions;
			sourceTree = "<group>";
		};
		F25974BB235F8D4400A3DE51 /* Base UI Classes */ = {
			isa = PBXGroup;
			children = (
				F25974BC235F8D8200A3DE51 /* QueueUIAlias.swift */,
				F25974B6235F8BE400A3DE51 /* QueueAppViewController.swift */,
				F27623A7237E1C0500C4853F /* QueueAppSingleTextFieldViewController.swift */,
				F25974AC235F850B00A3DE51 /* QueueAppButton.swift */,
				F25974AB235F850B00A3DE51 /* QueueAppTextField.swift */,
			);
			path = "Base UI Classes";
			sourceTree = "<group>";
		};
		F26712A32363E6FE00084354 /* Home Screens */ = {
			isa = PBXGroup;
			children = (
				F26712A42363E71F00084354 /* Home.storyboard */,
				F2170D25236AC377005448BD /* ClubTableViewController.swift */,
			);
			path = "Home Screens";
			sourceTree = "<group>";
		};
		F27623A0237D416E00C4853F /* Cells */ = {
			isa = PBXGroup;
			children = (
				F27E0F47236AF794008DFCE8 /* CourtCell.swift */,
				F2860D8A236D683300BEFB34 /* ClubCell.swift */,
				F2860D8C236D776C00BEFB34 /* AddNewClubStaticCell.swift */,
			);
			path = Cells;
			sourceTree = "<group>";
		};
		F27CBE7A2397608F00CF016D /* Protocols */ = {
			isa = PBXGroup;
			children = (
				F27623A9237E221B00C4853F /* UserSelectImageController.swift */,
			);
			path = Protocols;
			sourceTree = "<group>";
		};
		F28DAFCA237D258F00846C9D /* Choose Clubs */ = {
			isa = PBXGroup;
			children = (
				F28DAFC6237CFA9900846C9D /* ChooseClubs.storyboard */,
				F26EC879236D34FF004CB6AB /* ClubSelectionTableViewController.swift */,
				F28DAFC8237D037100846C9D /* JoinClubViewController.swift */,
				F28F74E72397DD2500730309 /* ConfirmFoundClubViewController.swift */,
				F27623A1237D41EA00C4853F /* NewClubNameViewController.swift */,
				F27623A3237D41F900C4853F /* NewClubImageViewController.swift */,
			);
			path = "Choose Clubs";
			sourceTree = "<group>";
		};
		F297C087237BBC1C00EBECA3 /* Alert Service and Accessory */ = {
			isa = PBXGroup;
			children = (
				F297C08C237BBC1C00EBECA3 /* AlertService.swift */,
				F297C089237BBC1C00EBECA3 /* Loading */,
				F297C08D237BBC1C00EBECA3 /* Alert */,
				F297C0A4237BBC4400EBECA3 /* Action Sheet */,
			);
			path = "Alert Service and Accessory";
			sourceTree = "<group>";
		};
		F297C089237BBC1C00EBECA3 /* Loading */ = {
			isa = PBXGroup;
			children = (
				F297C08A237BBC1C00EBECA3 /* Loading.storyboard */,
				F297C08B237BBC1C00EBECA3 /* LoadingViewController.swift */,
			);
			path = Loading;
			sourceTree = "<group>";
		};
		F297C08D237BBC1C00EBECA3 /* Alert */ = {
			isa = PBXGroup;
			children = (
				F297C08E237BBC1C00EBECA3 /* Alert.storyboard */,
				F297C08F237BBC1C00EBECA3 /* AlertController.swift */,
				F297C090237BBC1C00EBECA3 /* Club Accessory */,
				F297C093237BBC1C00EBECA3 /* Button Accessory */,
			);
			path = Alert;
			sourceTree = "<group>";
		};
		F297C090237BBC1C00EBECA3 /* Club Accessory */ = {
			isa = PBXGroup;
			children = (
				F297C092237BBC1C00EBECA3 /* ClubAccessory.xib */,
				F297C091237BBC1C00EBECA3 /* ClubAccessory.swift */,
			);
			path = "Club Accessory";
			sourceTree = "<group>";
		};
		F297C093237BBC1C00EBECA3 /* Button Accessory */ = {
			isa = PBXGroup;
			children = (
				F297C095237BBC1C00EBECA3 /* ButtonAccessory.xib */,
				F297C094237BBC1C00EBECA3 /* ButtonAccessory.swift */,
			);
			path = "Button Accessory";
			sourceTree = "<group>";
		};
		F297C0A4237BBC4400EBECA3 /* Action Sheet */ = {
			isa = PBXGroup;
			children = (
				F297C097237BBC1C00EBECA3 /* ActionSheet.storyboard */,
				F297C088237BBC1C00EBECA3 /* ActionSheetController.swift */,
				F297C096237BBC1C00EBECA3 /* ActionTableCell.swift */,
			);
			path = "Action Sheet";
			sourceTree = "<group>";
		};
		F297C0A5237BBD4100EBECA3 /* View Controllers */ = {
			isa = PBXGroup;
			children = (
				F25974B3235F8AA700A3DE51 /* Authentication Screens */,
				F26712A32363E6FE00084354 /* Home Screens */,
				F28DAFCA237D258F00846C9D /* Choose Clubs */,
			);
			path = "View Controllers";
			sourceTree = "<group>";
		};
		F2DC9640B38059A3571D3028 /* Frameworks */ = {
			isa = PBXGroup;
			children = (
				FDD21EBF52ED16236AA5D426 /* Pods_Queue.framework */,
			);
			name = Frameworks;
			sourceTree = "<group>";
		};
/* End PBXGroup section */

/* Begin PBXNativeTarget section */
		F259748A235F7A4D00A3DE51 /* Queue */ = {
			isa = PBXNativeTarget;
			buildConfigurationList = F259749F235F7A4E00A3DE51 /* Build configuration list for PBXNativeTarget "Queue" */;
			buildPhases = (
				1C72926568A74674DE9E983B /* [CP] Check Pods Manifest.lock */,
				F2597487235F7A4D00A3DE51 /* Sources */,
				F2597488235F7A4D00A3DE51 /* Frameworks */,
				F2597489235F7A4D00A3DE51 /* Resources */,
				F61BA3006F6E5F4A93D01014 /* [CP] Embed Pods Frameworks */,
			);
			buildRules = (
			);
			dependencies = (
			);
			name = Queue;
			productName = Queue;
			productReference = F259748B235F7A4D00A3DE51 /* Queue.app */;
			productType = "com.apple.product-type.application";
		};
/* End PBXNativeTarget section */

/* Begin PBXProject section */
		F2597483235F7A4D00A3DE51 /* Project object */ = {
			isa = PBXProject;
			attributes = {
				LastSwiftUpdateCheck = 1110;
				LastUpgradeCheck = 1110;
				ORGANIZATIONNAME = "Derek Nguyen";
				TargetAttributes = {
					F259748A235F7A4D00A3DE51 = {
						CreatedOnToolsVersion = 11.1;
					};
				};
			};
			buildConfigurationList = F2597486235F7A4D00A3DE51 /* Build configuration list for PBXProject "Queue" */;
			compatibilityVersion = "Xcode 9.3";
			developmentRegion = en;
			hasScannedForEncodings = 0;
			knownRegions = (
				en,
				Base,
			);
			mainGroup = F2597482235F7A4D00A3DE51;
			productRefGroup = F259748C235F7A4D00A3DE51 /* Products */;
			projectDirPath = "";
			projectRoot = "";
			targets = (
				F259748A235F7A4D00A3DE51 /* Queue */,
			);
		};
/* End PBXProject section */

/* Begin PBXResourcesBuildPhase section */
		F2597489235F7A4D00A3DE51 /* Resources */ = {
			isa = PBXResourcesBuildPhase;
			buildActionMask = 2147483647;
			files = (
				F25974B2235F874F00A3DE51 /* Authentication.storyboard in Resources */,
				F259749B235F7A4E00A3DE51 /* LaunchScreen.storyboard in Resources */,
				F28DAFC7237CFA9900846C9D /* ChooseClubs.storyboard in Resources */,
				F25974C82360101300A3DE51 /* loadingBar.json in Resources */,
				F297C0A1237BBC1D00EBECA3 /* ButtonAccessory.xib in Resources */,
				F297C099237BBC1C00EBECA3 /* Loading.storyboard in Resources */,
				F297C09F237BBC1D00EBECA3 /* ClubAccessory.xib in Resources */,
				F26712A52363E71F00084354 /* Home.storyboard in Resources */,
				F297C09C237BBC1D00EBECA3 /* Alert.storyboard in Resources */,
				F297C0A3237BBC1D00EBECA3 /* ActionSheet.storyboard in Resources */,
				F25974A3235F843900A3DE51 /* Assets.xcassets in Resources */,
			);
			runOnlyForDeploymentPostprocessing = 0;
		};
/* End PBXResourcesBuildPhase section */

/* Begin PBXShellScriptBuildPhase section */
		1C72926568A74674DE9E983B /* [CP] Check Pods Manifest.lock */ = {
			isa = PBXShellScriptBuildPhase;
			buildActionMask = 2147483647;
			files = (
			);
			inputFileListPaths = (
			);
			inputPaths = (
				"${PODS_PODFILE_DIR_PATH}/Podfile.lock",
				"${PODS_ROOT}/Manifest.lock",
			);
			name = "[CP] Check Pods Manifest.lock";
			outputFileListPaths = (
			);
			outputPaths = (
				"$(DERIVED_FILE_DIR)/Pods-Queue-checkManifestLockResult.txt",
			);
			runOnlyForDeploymentPostprocessing = 0;
			shellPath = /bin/sh;
			shellScript = "diff \"${PODS_PODFILE_DIR_PATH}/Podfile.lock\" \"${PODS_ROOT}/Manifest.lock\" > /dev/null\nif [ $? != 0 ] ; then\n    # print error to STDERR\n    echo \"error: The sandbox is not in sync with the Podfile.lock. Run 'pod install' or update your CocoaPods installation.\" >&2\n    exit 1\nfi\n# This output is used by Xcode 'outputs' to avoid re-running this script phase.\necho \"SUCCESS\" > \"${SCRIPT_OUTPUT_FILE_0}\"\n";
			showEnvVarsInLog = 0;
		};
		F61BA3006F6E5F4A93D01014 /* [CP] Embed Pods Frameworks */ = {
			isa = PBXShellScriptBuildPhase;
			buildActionMask = 2147483647;
			files = (
			);
			inputFileListPaths = (
				"${PODS_ROOT}/Target Support Files/Pods-Queue/Pods-Queue-frameworks-${CONFIGURATION}-input-files.xcfilelist",
			);
			name = "[CP] Embed Pods Frameworks";
			outputFileListPaths = (
				"${PODS_ROOT}/Target Support Files/Pods-Queue/Pods-Queue-frameworks-${CONFIGURATION}-output-files.xcfilelist",
			);
			runOnlyForDeploymentPostprocessing = 0;
			shellPath = /bin/sh;
			shellScript = "\"${PODS_ROOT}/Target Support Files/Pods-Queue/Pods-Queue-frameworks.sh\"\n";
			showEnvVarsInLog = 0;
		};
/* End PBXShellScriptBuildPhase section */

/* Begin PBXSourcesBuildPhase section */
		F2597487235F7A4D00A3DE51 /* Sources */ = {
			isa = PBXSourcesBuildPhase;
			buildActionMask = 2147483647;
			files = (
				F27623A8237E1C0500C4853F /* QueueAppSingleTextFieldViewController.swift in Sources */,
				F297C0A2237BBC1D00EBECA3 /* ActionTableCell.swift in Sources */,
				F25974B7235F8BE400A3DE51 /* QueueAppViewController.swift in Sources */,
				F297C0A0237BBC1D00EBECA3 /* ButtonAccessory.swift in Sources */,
				F27CBE7923973A4800CF016D /* UIView.swift in Sources */,
				F20E3D3623612DB800C32893 /* NoAccountViewController.swift in Sources */,
				F20E3D3A236142F600C32893 /* NewNameViewController.swift in Sources */,
				F297C09E237BBC1D00EBECA3 /* ClubAccessory.swift in Sources */,
				F27623AA237E221B00C4853F /* UserSelectImageController.swift in Sources */,
				F26EC87C236D3D25004CB6AB /* UINavigationBar.swift in Sources */,
				F25974BF235FA4D900A3DE51 /* EmailCheckViewController.swift in Sources */,
				F2860D8B236D683300BEFB34 /* ClubCell.swift in Sources */,
				F28DAFC5237CF1FE00846C9D /* UINavigationItem.swift in Sources */,
				F297C09A237BBC1C00EBECA3 /* LoadingViewController.swift in Sources */,
				F2860D8D236D776C00BEFB34 /* AddNewClubStaticCell.swift in Sources */,
				F28DAFC9237D037100846C9D /* JoinClubViewController.swift in Sources */,
				F26EC87A236D34FF004CB6AB /* ClubSelectionTableViewController.swift in Sources */,
				F25974B9235F8D1300A3DE51 /* String.swift in Sources */,
				F259748F235F7A4D00A3DE51 /* AppDelegate.swift in Sources */,
				F25974AE235F850B00A3DE51 /* QueueAppButton.swift in Sources */,
				F25974B5235F8BC700A3DE51 /* GreetingViewController.swift in Sources */,
				F28F74E82397DD2500730309 /* ConfirmFoundClubViewController.swift in Sources */,
				F297C09B237BBC1D00EBECA3 /* AlertService.swift in Sources */,
				F25974B0235F864D00A3DE51 /* EmailDomains.swift in Sources */,
				F27623A4237D41F900C4853F /* NewClubImageViewController.swift in Sources */,
				F28DAFC3237CF1CB00846C9D /* UIApplication.swift in Sources */,
				F25974A6235F84AC00A3DE51 /* Assets.swift in Sources */,
				F2597491235F7A4D00A3DE51 /* SceneDelegate.swift in Sources */,
				F25974BD235F8D8200A3DE51 /* QueueUIAlias.swift in Sources */,
				F297C09D237BBC1D00EBECA3 /* AlertController.swift in Sources */,
				F297C098237BBC1C00EBECA3 /* ActionSheetController.swift in Sources */,
				F2170D26236AC377005448BD /* ClubTableViewController.swift in Sources */,
				F27E0F48236AF794008DFCE8 /* CourtCell.swift in Sources */,
				F20E3D3E2362D6D800C32893 /* NewPasswordViewController.swift in Sources */,
				F27CBE7C239764AA00CF016D /* UIColor.swift in Sources */,
				F20E3D412362D71000C32893 /* NewImageViewController.swift in Sources */,
				F25974C1235FC38900A3DE51 /* LoginViewController.swift in Sources */,
				F25974AD235F850B00A3DE51 /* QueueAppTextField.swift in Sources */,
				F27623A2237D41EA00C4853F /* NewClubNameViewController.swift in Sources */,
			);
			runOnlyForDeploymentPostprocessing = 0;
		};
/* End PBXSourcesBuildPhase section */

/* Begin PBXVariantGroup section */
		F2597499235F7A4E00A3DE51 /* LaunchScreen.storyboard */ = {
			isa = PBXVariantGroup;
			children = (
				F259749A235F7A4E00A3DE51 /* Base */,
			);
			name = LaunchScreen.storyboard;
			sourceTree = "<group>";
		};
/* End PBXVariantGroup section */

/* Begin XCBuildConfiguration section */
		F259749D235F7A4E00A3DE51 /* Debug */ = {
			isa = XCBuildConfiguration;
			buildSettings = {
				ALWAYS_SEARCH_USER_PATHS = NO;
				CLANG_ANALYZER_NONNULL = YES;
				CLANG_ANALYZER_NUMBER_OBJECT_CONVERSION = YES_AGGRESSIVE;
				CLANG_CXX_LANGUAGE_STANDARD = "gnu++14";
				CLANG_CXX_LIBRARY = "libc++";
				CLANG_ENABLE_MODULES = YES;
				CLANG_ENABLE_OBJC_ARC = YES;
				CLANG_ENABLE_OBJC_WEAK = YES;
				CLANG_WARN_BLOCK_CAPTURE_AUTORELEASING = YES;
				CLANG_WARN_BOOL_CONVERSION = YES;
				CLANG_WARN_COMMA = YES;
				CLANG_WARN_CONSTANT_CONVERSION = YES;
				CLANG_WARN_DEPRECATED_OBJC_IMPLEMENTATIONS = YES;
				CLANG_WARN_DIRECT_OBJC_ISA_USAGE = YES_ERROR;
				CLANG_WARN_DOCUMENTATION_COMMENTS = YES;
				CLANG_WARN_EMPTY_BODY = YES;
				CLANG_WARN_ENUM_CONVERSION = YES;
				CLANG_WARN_INFINITE_RECURSION = YES;
				CLANG_WARN_INT_CONVERSION = YES;
				CLANG_WARN_NON_LITERAL_NULL_CONVERSION = YES;
				CLANG_WARN_OBJC_IMPLICIT_RETAIN_SELF = YES;
				CLANG_WARN_OBJC_LITERAL_CONVERSION = YES;
				CLANG_WARN_OBJC_ROOT_CLASS = YES_ERROR;
				CLANG_WARN_RANGE_LOOP_ANALYSIS = YES;
				CLANG_WARN_STRICT_PROTOTYPES = YES;
				CLANG_WARN_SUSPICIOUS_MOVE = YES;
				CLANG_WARN_UNGUARDED_AVAILABILITY = YES_AGGRESSIVE;
				CLANG_WARN_UNREACHABLE_CODE = YES;
				CLANG_WARN__DUPLICATE_METHOD_MATCH = YES;
				COPY_PHASE_STRIP = NO;
				DEBUG_INFORMATION_FORMAT = dwarf;
				ENABLE_STRICT_OBJC_MSGSEND = YES;
				ENABLE_TESTABILITY = YES;
				GCC_C_LANGUAGE_STANDARD = gnu11;
				GCC_DYNAMIC_NO_PIC = NO;
				GCC_NO_COMMON_BLOCKS = YES;
				GCC_OPTIMIZATION_LEVEL = 0;
				GCC_PREPROCESSOR_DEFINITIONS = (
					"DEBUG=1",
					"$(inherited)",
				);
				GCC_WARN_64_TO_32_BIT_CONVERSION = YES;
				GCC_WARN_ABOUT_RETURN_TYPE = YES_ERROR;
				GCC_WARN_UNDECLARED_SELECTOR = YES;
				GCC_WARN_UNINITIALIZED_AUTOS = YES_AGGRESSIVE;
				GCC_WARN_UNUSED_FUNCTION = YES;
				GCC_WARN_UNUSED_VARIABLE = YES;
				IPHONEOS_DEPLOYMENT_TARGET = 13.1;
				MTL_ENABLE_DEBUG_INFO = INCLUDE_SOURCE;
				MTL_FAST_MATH = YES;
				ONLY_ACTIVE_ARCH = YES;
				SDKROOT = iphoneos;
				SWIFT_ACTIVE_COMPILATION_CONDITIONS = DEBUG;
				SWIFT_OPTIMIZATION_LEVEL = "-Onone";
			};
			name = Debug;
		};
		F259749E235F7A4E00A3DE51 /* Release */ = {
			isa = XCBuildConfiguration;
			buildSettings = {
				ALWAYS_SEARCH_USER_PATHS = NO;
				CLANG_ANALYZER_NONNULL = YES;
				CLANG_ANALYZER_NUMBER_OBJECT_CONVERSION = YES_AGGRESSIVE;
				CLANG_CXX_LANGUAGE_STANDARD = "gnu++14";
				CLANG_CXX_LIBRARY = "libc++";
				CLANG_ENABLE_MODULES = YES;
				CLANG_ENABLE_OBJC_ARC = YES;
				CLANG_ENABLE_OBJC_WEAK = YES;
				CLANG_WARN_BLOCK_CAPTURE_AUTORELEASING = YES;
				CLANG_WARN_BOOL_CONVERSION = YES;
				CLANG_WARN_COMMA = YES;
				CLANG_WARN_CONSTANT_CONVERSION = YES;
				CLANG_WARN_DEPRECATED_OBJC_IMPLEMENTATIONS = YES;
				CLANG_WARN_DIRECT_OBJC_ISA_USAGE = YES_ERROR;
				CLANG_WARN_DOCUMENTATION_COMMENTS = YES;
				CLANG_WARN_EMPTY_BODY = YES;
				CLANG_WARN_ENUM_CONVERSION = YES;
				CLANG_WARN_INFINITE_RECURSION = YES;
				CLANG_WARN_INT_CONVERSION = YES;
				CLANG_WARN_NON_LITERAL_NULL_CONVERSION = YES;
				CLANG_WARN_OBJC_IMPLICIT_RETAIN_SELF = YES;
				CLANG_WARN_OBJC_LITERAL_CONVERSION = YES;
				CLANG_WARN_OBJC_ROOT_CLASS = YES_ERROR;
				CLANG_WARN_RANGE_LOOP_ANALYSIS = YES;
				CLANG_WARN_STRICT_PROTOTYPES = YES;
				CLANG_WARN_SUSPICIOUS_MOVE = YES;
				CLANG_WARN_UNGUARDED_AVAILABILITY = YES_AGGRESSIVE;
				CLANG_WARN_UNREACHABLE_CODE = YES;
				CLANG_WARN__DUPLICATE_METHOD_MATCH = YES;
				COPY_PHASE_STRIP = NO;
				DEBUG_INFORMATION_FORMAT = "dwarf-with-dsym";
				ENABLE_NS_ASSERTIONS = NO;
				ENABLE_STRICT_OBJC_MSGSEND = YES;
				GCC_C_LANGUAGE_STANDARD = gnu11;
				GCC_NO_COMMON_BLOCKS = YES;
				GCC_WARN_64_TO_32_BIT_CONVERSION = YES;
				GCC_WARN_ABOUT_RETURN_TYPE = YES_ERROR;
				GCC_WARN_UNDECLARED_SELECTOR = YES;
				GCC_WARN_UNINITIALIZED_AUTOS = YES_AGGRESSIVE;
				GCC_WARN_UNUSED_FUNCTION = YES;
				GCC_WARN_UNUSED_VARIABLE = YES;
				IPHONEOS_DEPLOYMENT_TARGET = 13.1;
				MTL_ENABLE_DEBUG_INFO = NO;
				MTL_FAST_MATH = YES;
				SDKROOT = iphoneos;
				SWIFT_COMPILATION_MODE = wholemodule;
				SWIFT_OPTIMIZATION_LEVEL = "-O";
				VALIDATE_PRODUCT = YES;
			};
			name = Release;
		};
		F25974A0235F7A4E00A3DE51 /* Debug */ = {
			isa = XCBuildConfiguration;
			baseConfigurationReference = F9D6CD04378241B72C058134 /* Pods-Queue.debug.xcconfig */;
			buildSettings = {
				ASSETCATALOG_COMPILER_APPICON_NAME = AppIcon;
				CODE_SIGN_STYLE = Automatic;
				DEVELOPMENT_TEAM = H64R62CZB4;
				INFOPLIST_FILE = Queue/Info.plist;
				IPHONEOS_DEPLOYMENT_TARGET = 12.0;
				LD_RUNPATH_SEARCH_PATHS = (
					"$(inherited)",
					"@executable_path/Frameworks",
				);
				PRODUCT_BUNDLE_IDENTIFIER = dev.derekn.Queue;
				PRODUCT_NAME = "$(TARGET_NAME)";
				SWIFT_VERSION = 5.0;
				TARGETED_DEVICE_FAMILY = "1,2";
			};
			name = Debug;
		};
		F25974A1235F7A4E00A3DE51 /* Release */ = {
			isa = XCBuildConfiguration;
			baseConfigurationReference = A11EE57723FBA6E3F280A5CD /* Pods-Queue.release.xcconfig */;
			buildSettings = {
				ASSETCATALOG_COMPILER_APPICON_NAME = AppIcon;
				CODE_SIGN_STYLE = Automatic;
				DEVELOPMENT_TEAM = H64R62CZB4;
				INFOPLIST_FILE = Queue/Info.plist;
				IPHONEOS_DEPLOYMENT_TARGET = 12.0;
				LD_RUNPATH_SEARCH_PATHS = (
					"$(inherited)",
					"@executable_path/Frameworks",
				);
				PRODUCT_BUNDLE_IDENTIFIER = dev.derekn.Queue;
				PRODUCT_NAME = "$(TARGET_NAME)";
				SWIFT_VERSION = 5.0;
				TARGETED_DEVICE_FAMILY = "1,2";
			};
			name = Release;
		};
/* End XCBuildConfiguration section */

/* Begin XCConfigurationList section */
		F2597486235F7A4D00A3DE51 /* Build configuration list for PBXProject "Queue" */ = {
			isa = XCConfigurationList;
			buildConfigurations = (
				F259749D235F7A4E00A3DE51 /* Debug */,
				F259749E235F7A4E00A3DE51 /* Release */,
			);
			defaultConfigurationIsVisible = 0;
			defaultConfigurationName = Release;
		};
		F259749F235F7A4E00A3DE51 /* Build configuration list for PBXNativeTarget "Queue" */ = {
			isa = XCConfigurationList;
			buildConfigurations = (
				F25974A0235F7A4E00A3DE51 /* Debug */,
				F25974A1235F7A4E00A3DE51 /* Release */,
			);
			defaultConfigurationIsVisible = 0;
			defaultConfigurationName = Release;
		};
/* End XCConfigurationList section */
	};
	rootObject = F2597483235F7A4D00A3DE51 /* Project object */;
}
